// !$*UTF8*$!
{
	archiveVersion = 1;
	classes = {
	};
	objectVersion = 55;
	objects = {

/* Begin PBXBuildFile section */
		192C39EF27C7F70400B33E9A /* AppDelegate.swift in Sources */ = {isa = PBXBuildFile; fileRef = 192C39EE27C7F70400B33E9A /* AppDelegate.swift */; };
		192C39F127C7F70400B33E9A /* SceneDelegate.swift in Sources */ = {isa = PBXBuildFile; fileRef = 192C39F027C7F70400B33E9A /* SceneDelegate.swift */; };
		192C39F327C7F70400B33E9A /* ViewController.swift in Sources */ = {isa = PBXBuildFile; fileRef = 192C39F227C7F70400B33E9A /* ViewController.swift */; };
		192C39F627C7F70400B33E9A /* Main.storyboard in Resources */ = {isa = PBXBuildFile; fileRef = 192C39F427C7F70400B33E9A /* Main.storyboard */; };
		192C39F827C7F70700B33E9A /* Assets.xcassets in Resources */ = {isa = PBXBuildFile; fileRef = 192C39F727C7F70700B33E9A /* Assets.xcassets */; };
		192C39FB27C7F70700B33E9A /* LaunchScreen.storyboard in Resources */ = {isa = PBXBuildFile; fileRef = 192C39F927C7F70700B33E9A /* LaunchScreen.storyboard */; };
		192C3A0627C7F70700B33E9A /* AutoLayoutOdevTests.swift in Sources */ = {isa = PBXBuildFile; fileRef = 192C3A0527C7F70700B33E9A /* AutoLayoutOdevTests.swift */; };
		192C3A1027C7F70700B33E9A /* AutoLayoutOdevUITests.swift in Sources */ = {isa = PBXBuildFile; fileRef = 192C3A0F27C7F70700B33E9A /* AutoLayoutOdevUITests.swift */; };
		192C3A1227C7F70700B33E9A /* AutoLayoutOdevUITestsLaunchTests.swift in Sources */ = {isa = PBXBuildFile; fileRef = 192C3A1127C7F70700B33E9A /* AutoLayoutOdevUITestsLaunchTests.swift */; };
		192C3A2027C7F73500B33E9A /* Poppins-Bold.ttf in Resources */ = {isa = PBXBuildFile; fileRef = 192C3A1F27C7F73500B33E9A /* Poppins-Bold.ttf */; };
		192C3A2227C7F84F00B33E9A /* Poppins-ExtraLight.ttf in Resources */ = {isa = PBXBuildFile; fileRef = 192C3A2127C7F84F00B33E9A /* Poppins-ExtraLight.ttf */; };
		19A97C3E27C809DE0052408C /* Poppins-Medium.ttf in Resources */ = {isa = PBXBuildFile; fileRef = 19A97C3D27C809DE0052408C /* Poppins-Medium.ttf */; };
/* End PBXBuildFile section */

/* Begin PBXContainerItemProxy section */
		192C3A0227C7F70700B33E9A /* PBXContainerItemProxy */ = {
			isa = PBXContainerItemProxy;
			containerPortal = 192C39E327C7F70400B33E9A /* Project object */;
			proxyType = 1;
			remoteGlobalIDString = 192C39EA27C7F70400B33E9A;
			remoteInfo = AutoLayoutOdev;
		};
		192C3A0C27C7F70700B33E9A /* PBXContainerItemProxy */ = {
			isa = PBXContainerItemProxy;
			containerPortal = 192C39E327C7F70400B33E9A /* Project object */;
			proxyType = 1;
			remoteGlobalIDString = 192C39EA27C7F70400B33E9A;
			remoteInfo = AutoLayoutOdev;
		};
/* End PBXContainerItemProxy section */

/* Begin PBXFileReference section */
		192C39EB27C7F70400B33E9A /* AutoLayoutOdev.app */ = {isa = PBXFileReference; explicitFileType = wrapper.application; includeInIndex = 0; path = AutoLayoutOdev.app; sourceTree = BUILT_PRODUCTS_DIR; };
		192C39EE27C7F70400B33E9A /* AppDelegate.swift */ = {isa = PBXFileReference; lastKnownFileType = sourcecode.swift; path = AppDelegate.swift; sourceTree = "<group>"; };
		192C39F027C7F70400B33E9A /* SceneDelegate.swift */ = {isa = PBXFileReference; lastKnownFileType = sourcecode.swift; path = SceneDelegate.swift; sourceTree = "<group>"; };
		192C39F227C7F70400B33E9A /* ViewController.swift */ = {isa = PBXFileReference; lastKnownFileType = sourcecode.swift; path = ViewController.swift; sourceTree = "<group>"; };
		192C39F527C7F70400B33E9A /* Base */ = {isa = PBXFileReference; lastKnownFileType = file.storyboard; name = Base; path = Base.lproj/Main.storyboard; sourceTree = "<group>"; };
		192C39F727C7F70700B33E9A /* Assets.xcassets */ = {isa = PBXFileReference; lastKnownFileType = folder.assetcatalog; path = Assets.xcassets; sourceTree = "<group>"; };
		192C39FA27C7F70700B33E9A /* Base */ = {isa = PBXFileReference; lastKnownFileType = file.storyboard; name = Base; path = Base.lproj/LaunchScreen.storyboard; sourceTree = "<group>"; };
		192C39FC27C7F70700B33E9A /* Info.plist */ = {isa = PBXFileReference; lastKnownFileType = text.plist.xml; path = Info.plist; sourceTree = "<group>"; };
		192C3A0127C7F70700B33E9A /* AutoLayoutOdevTests.xctest */ = {isa = PBXFileReference; explicitFileType = wrapper.cfbundle; includeInIndex = 0; path = AutoLayoutOdevTests.xctest; sourceTree = BUILT_PRODUCTS_DIR; };
		192C3A0527C7F70700B33E9A /* AutoLayoutOdevTests.swift */ = {isa = PBXFileReference; lastKnownFileType = sourcecode.swift; path = AutoLayoutOdevTests.swift; sourceTree = "<group>"; };
		192C3A0B27C7F70700B33E9A /* AutoLayoutOdevUITests.xctest */ = {isa = PBXFileReference; explicitFileType = wrapper.cfbundle; includeInIndex = 0; path = AutoLayoutOdevUITests.xctest; sourceTree = BUILT_PRODUCTS_DIR; };
		192C3A0F27C7F70700B33E9A /* AutoLayoutOdevUITests.swift */ = {isa = PBXFileReference; lastKnownFileType = sourcecode.swift; path = AutoLayoutOdevUITests.swift; sourceTree = "<group>"; };
		192C3A1127C7F70700B33E9A /* AutoLayoutOdevUITestsLaunchTests.swift */ = {isa = PBXFileReference; lastKnownFileType = sourcecode.swift; path = AutoLayoutOdevUITestsLaunchTests.swift; sourceTree = "<group>"; };
		192C3A1F27C7F73500B33E9A /* Poppins-Bold.ttf */ = {isa = PBXFileReference; lastKnownFileType = file; path = "Poppins-Bold.ttf"; sourceTree = "<group>"; };
		192C3A2127C7F84F00B33E9A /* Poppins-ExtraLight.ttf */ = {isa = PBXFileReference; lastKnownFileType = file; path = "Poppins-ExtraLight.ttf"; sourceTree = "<group>"; };
		19A97C3D27C809DE0052408C /* Poppins-Medium.ttf */ = {isa = PBXFileReference; lastKnownFileType = file; path = "Poppins-Medium.ttf"; sourceTree = "<group>"; };
/* End PBXFileReference section */

/* Begin PBXFrameworksBuildPhase section */
		192C39E827C7F70400B33E9A /* Frameworks */ = {
			isa = PBXFrameworksBuildPhase;
			buildActionMask = 2147483647;
			files = (
			);
			runOnlyForDeploymentPostprocessing = 0;
		};
		192C39FE27C7F70700B33E9A /* Frameworks */ = {
			isa = PBXFrameworksBuildPhase;
			buildActionMask = 2147483647;
			files = (
			);
			runOnlyForDeploymentPostprocessing = 0;
		};
		192C3A0827C7F70700B33E9A /* Frameworks */ = {
			isa = PBXFrameworksBuildPhase;
			buildActionMask = 2147483647;
			files = (
			);
			runOnlyForDeploymentPostprocessing = 0;
		};
/* End PBXFrameworksBuildPhase section */

/* Begin PBXGroup section */
		192C39E227C7F70400B33E9A = {
			isa = PBXGroup;
			children = (
				192C39ED27C7F70400B33E9A /* AutoLayoutOdev */,
				192C3A0427C7F70700B33E9A /* AutoLayoutOdevTests */,
				192C3A0E27C7F70700B33E9A /* AutoLayoutOdevUITests */,
				192C39EC27C7F70400B33E9A /* Products */,
			);
			sourceTree = "<group>";
		};
		192C39EC27C7F70400B33E9A /* Products */ = {
			isa = PBXGroup;
			children = (
				192C39EB27C7F70400B33E9A /* AutoLayoutOdev.app */,
				192C3A0127C7F70700B33E9A /* AutoLayoutOdevTests.xctest */,
				192C3A0B27C7F70700B33E9A /* AutoLayoutOdevUITests.xctest */,
			);
			name = Products;
			sourceTree = "<group>";
		};
		192C39ED27C7F70400B33E9A /* AutoLayoutOdev */ = {
			isa = PBXGroup;
			children = (
				192C39EE27C7F70400B33E9A /* AppDelegate.swift */,
				192C39F027C7F70400B33E9A /* SceneDelegate.swift */,
				192C39F227C7F70400B33E9A /* ViewController.swift */,
				192C3A1E27C7F72100B33E9A /* Fonts */,
				192C39F427C7F70400B33E9A /* Main.storyboard */,
				192C39F727C7F70700B33E9A /* Assets.xcassets */,
				192C39F927C7F70700B33E9A /* LaunchScreen.storyboard */,
				192C39FC27C7F70700B33E9A /* Info.plist */,
			);
			path = AutoLayoutOdev;
			sourceTree = "<group>";
		};
		192C3A0427C7F70700B33E9A /* AutoLayoutOdevTests */ = {
			isa = PBXGroup;
			children = (
				192C3A0527C7F70700B33E9A /* AutoLayoutOdevTests.swift */,
			);
			path = AutoLayoutOdevTests;
			sourceTree = "<group>";
		};
		192C3A0E27C7F70700B33E9A /* AutoLayoutOdevUITests */ = {
			isa = PBXGroup;
			children = (
				192C3A0F27C7F70700B33E9A /* AutoLayoutOdevUITests.swift */,
				192C3A1127C7F70700B33E9A /* AutoLayoutOdevUITestsLaunchTests.swift */,
			);
			path = AutoLayoutOdevUITests;
			sourceTree = "<group>";
		};
		192C3A1E27C7F72100B33E9A /* Fonts */ = {
			isa = PBXGroup;
			children = (
				19A97C3D27C809DE0052408C /* Poppins-Medium.ttf */,
				192C3A2127C7F84F00B33E9A /* Poppins-ExtraLight.ttf */,
				192C3A1F27C7F73500B33E9A /* Poppins-Bold.ttf */,
			);
			path = Fonts;
			sourceTree = "<group>";
		};
/* End PBXGroup section */

/* Begin PBXNativeTarget section */
		192C39EA27C7F70400B33E9A /* AutoLayoutOdev */ = {
			isa = PBXNativeTarget;
			buildConfigurationList = 192C3A1527C7F70700B33E9A /* Build configuration list for PBXNativeTarget "AutoLayoutOdev" */;
			buildPhases = (
				192C39E727C7F70400B33E9A /* Sources */,
				192C39E827C7F70400B33E9A /* Frameworks */,
				192C39E927C7F70400B33E9A /* Resources */,
			);
			buildRules = (
			);
			dependencies = (
			);
			name = AutoLayoutOdev;
			productName = AutoLayoutOdev;
			productReference = 192C39EB27C7F70400B33E9A /* AutoLayoutOdev.app */;
			productType = "com.apple.product-type.application";
		};
		192C3A0027C7F70700B33E9A /* AutoLayoutOdevTests */ = {
			isa = PBXNativeTarget;
			buildConfigurationList = 192C3A1827C7F70700B33E9A /* Build configuration list for PBXNativeTarget "AutoLayoutOdevTests" */;
			buildPhases = (
				192C39FD27C7F70700B33E9A /* Sources */,
				192C39FE27C7F70700B33E9A /* Frameworks */,
				192C39FF27C7F70700B33E9A /* Resources */,
			);
			buildRules = (
			);
			dependencies = (
				192C3A0327C7F70700B33E9A /* PBXTargetDependency */,
			);
			name = AutoLayoutOdevTests;
			productName = AutoLayoutOdevTests;
			productReference = 192C3A0127C7F70700B33E9A /* AutoLayoutOdevTests.xctest */;
			productType = "com.apple.product-type.bundle.unit-test";
		};
		192C3A0A27C7F70700B33E9A /* AutoLayoutOdevUITests */ = {
			isa = PBXNativeTarget;
			buildConfigurationList = 192C3A1B27C7F70700B33E9A /* Build configuration list for PBXNativeTarget "AutoLayoutOdevUITests" */;
			buildPhases = (
				192C3A0727C7F70700B33E9A /* Sources */,
				192C3A0827C7F70700B33E9A /* Frameworks */,
				192C3A0927C7F70700B33E9A /* Resources */,
			);
			buildRules = (
			);
			dependencies = (
				192C3A0D27C7F70700B33E9A /* PBXTargetDependency */,
			);
			name = AutoLayoutOdevUITests;
			productName = AutoLayoutOdevUITests;
			productReference = 192C3A0B27C7F70700B33E9A /* AutoLayoutOdevUITests.xctest */;
			productType = "com.apple.product-type.bundle.ui-testing";
		};
/* End PBXNativeTarget section */

/* Begin PBXProject section */
		192C39E327C7F70400B33E9A /* Project object */ = {
			isa = PBXProject;
			attributes = {
				BuildIndependentTargetsInParallel = 1;
				LastSwiftUpdateCheck = 1320;
				LastUpgradeCheck = 1320;
				TargetAttributes = {
					192C39EA27C7F70400B33E9A = {
						CreatedOnToolsVersion = 13.2.1;
					};
					192C3A0027C7F70700B33E9A = {
						CreatedOnToolsVersion = 13.2.1;
						TestTargetID = 192C39EA27C7F70400B33E9A;
					};
					192C3A0A27C7F70700B33E9A = {
						CreatedOnToolsVersion = 13.2.1;
						TestTargetID = 192C39EA27C7F70400B33E9A;
					};
				};
			};
			buildConfigurationList = 192C39E627C7F70400B33E9A /* Build configuration list for PBXProject "AutoLayoutOdev" */;
			compatibilityVersion = "Xcode 13.0";
			developmentRegion = en;
			hasScannedForEncodings = 0;
			knownRegions = (
				en,
				Base,
			);
			mainGroup = 192C39E227C7F70400B33E9A;
			productRefGroup = 192C39EC27C7F70400B33E9A /* Products */;
			projectDirPath = "";
			projectRoot = "";
			targets = (
				192C39EA27C7F70400B33E9A /* AutoLayoutOdev */,
				192C3A0027C7F70700B33E9A /* AutoLayoutOdevTests */,
				192C3A0A27C7F70700B33E9A /* AutoLayoutOdevUITests */,
			);
		};
/* End PBXProject section */

/* Begin PBXResourcesBuildPhase section */
		192C39E927C7F70400B33E9A /* Resources */ = {
			isa = PBXResourcesBuildPhase;
			buildActionMask = 2147483647;
			files = (
				192C3A2227C7F84F00B33E9A /* Poppins-ExtraLight.ttf in Resources */,
				192C39FB27C7F70700B33E9A /* LaunchScreen.storyboard in Resources */,
				192C39F827C7F70700B33E9A /* Assets.xcassets in Resources */,
				19A97C3E27C809DE0052408C /* Poppins-Medium.ttf in Resources */,
				192C39F627C7F70400B33E9A /* Main.storyboard in Resources */,
				192C3A2027C7F73500B33E9A /* Poppins-Bold.ttf in Resources */,
			);
			runOnlyForDeploymentPostprocessing = 0;
		};
		192C39FF27C7F70700B33E9A /* Resources */ = {
			isa = PBXResourcesBuildPhase;
			buildActionMask = 2147483647;
			files = (
			);
			runOnlyForDeploymentPostprocessing = 0;
		};
		192C3A0927C7F70700B33E9A /* Resources */ = {
			isa = PBXResourcesBuildPhase;
			buildActionMask = 2147483647;
			files = (
			);
			runOnlyForDeploymentPostprocessing = 0;
		};
/* End PBXResourcesBuildPhase section */

/* Begin PBXSourcesBuildPhase section */
		192C39E727C7F70400B33E9A /* Sources */ = {
			isa = PBXSourcesBuildPhase;
			buildActionMask = 2147483647;
			files = (
				192C39F327C7F70400B33E9A /* ViewController.swift in Sources */,
				192C39EF27C7F70400B33E9A /* AppDelegate.swift in Sources */,
				192C39F127C7F70400B33E9A /* SceneDelegate.swift in Sources */,
			);
			runOnlyForDeploymentPostprocessing = 0;
		};
		192C39FD27C7F70700B33E9A /* Sources */ = {
			isa = PBXSourcesBuildPhase;
			buildActionMask = 2147483647;
			files = (
				192C3A0627C7F70700B33E9A /* AutoLayoutOdevTests.swift in Sources */,
			);
			runOnlyForDeploymentPostprocessing = 0;
		};
		192C3A0727C7F70700B33E9A /* Sources */ = {
			isa = PBXSourcesBuildPhase;
			buildActionMask = 2147483647;
			files = (
				192C3A1027C7F70700B33E9A /* AutoLayoutOdevUITests.swift in Sources */,
				192C3A1227C7F70700B33E9A /* AutoLayoutOdevUITestsLaunchTests.swift in Sources */,
			);
			runOnlyForDeploymentPostprocessing = 0;
		};
/* End PBXSourcesBuildPhase section */

/* Begin PBXTargetDependency section */
		192C3A0327C7F70700B33E9A /* PBXTargetDependency */ = {
			isa = PBXTargetDependency;
			target = 192C39EA27C7F70400B33E9A /* AutoLayoutOdev */;
			targetProxy = 192C3A0227C7F70700B33E9A /* PBXContainerItemProxy */;
		};
		192C3A0D27C7F70700B33E9A /* PBXTargetDependency */ = {
			isa = PBXTargetDependency;
			target = 192C39EA27C7F70400B33E9A /* AutoLayoutOdev */;
			targetProxy = 192C3A0C27C7F70700B33E9A /* PBXContainerItemProxy */;
		};
/* End PBXTargetDependency section */

/* Begin PBXVariantGroup section */
		192C39F427C7F70400B33E9A /* Main.storyboard */ = {
			isa = PBXVariantGroup;
			children = (
				192C39F527C7F70400B33E9A /* Base */,
			);
			name = Main.storyboard;
			sourceTree = "<group>";
		};
		192C39F927C7F70700B33E9A /* LaunchScreen.storyboard */ = {
			isa = PBXVariantGroup;
			children = (
				192C39FA27C7F70700B33E9A /* Base */,
			);
			name = LaunchScreen.storyboard;
			sourceTree = "<group>";
		};
/* End PBXVariantGroup section */

/* Begin XCBuildConfiguration section */
		192C3A1327C7F70700B33E9A /* Debug */ = {
			isa = XCBuildConfiguration;
			buildSettings = {
				ALWAYS_SEARCH_USER_PATHS = NO;
				CLANG_ANALYZER_NONNULL = YES;
				CLANG_ANALYZER_NUMBER_OBJECT_CONVERSION = YES_AGGRESSIVE;
				CLANG_CXX_LANGUAGE_STANDARD = "gnu++17";
				CLANG_CXX_LIBRARY = "libc++";
				CLANG_ENABLE_MODULES = YES;
				CLANG_ENABLE_OBJC_ARC = YES;
				CLANG_ENABLE_OBJC_WEAK = YES;
				CLANG_WARN_BLOCK_CAPTURE_AUTORELEASING = YES;
				CLANG_WARN_BOOL_CONVERSION = YES;
				CLANG_WARN_COMMA = YES;
				CLANG_WARN_CONSTANT_CONVERSION = YES;
				CLANG_WARN_DEPRECATED_OBJC_IMPLEMENTATIONS = YES;
				CLANG_WARN_DIRECT_OBJC_ISA_USAGE = YES_ERROR;
				CLANG_WARN_DOCUMENTATION_COMMENTS = YES;
				CLANG_WARN_EMPTY_BODY = YES;
				CLANG_WARN_ENUM_CONVERSION = YES;
				CLANG_WARN_INFINITE_RECURSION = YES;
				CLANG_WARN_INT_CONVERSION = YES;
				CLANG_WARN_NON_LITERAL_NULL_CONVERSION = YES;
				CLANG_WARN_OBJC_IMPLICIT_RETAIN_SELF = YES;
				CLANG_WARN_OBJC_LITERAL_CONVERSION = YES;
				CLANG_WARN_OBJC_ROOT_CLASS = YES_ERROR;
				CLANG_WARN_QUOTED_INCLUDE_IN_FRAMEWORK_HEADER = YES;
				CLANG_WARN_RANGE_LOOP_ANALYSIS = YES;
				CLANG_WARN_STRICT_PROTOTYPES = YES;
				CLANG_WARN_SUSPICIOUS_MOVE = YES;
				CLANG_WARN_UNGUARDED_AVAILABILITY = YES_AGGRESSIVE;
				CLANG_WARN_UNREACHABLE_CODE = YES;
				CLANG_WARN__DUPLICATE_METHOD_MATCH = YES;
				COPY_PHASE_STRIP = NO;
				DEBUG_INFORMATION_FORMAT = dwarf;
				ENABLE_STRICT_OBJC_MSGSEND = YES;
				ENABLE_TESTABILITY = YES;
				GCC_C_LANGUAGE_STANDARD = gnu11;
				GCC_DYNAMIC_NO_PIC = NO;
				GCC_NO_COMMON_BLOCKS = YES;
				GCC_OPTIMIZATION_LEVEL = 0;
				GCC_PREPROCESSOR_DEFINITIONS = (
					"DEBUG=1",
					"$(inherited)",
				);
				GCC_WARN_64_TO_32_BIT_CONVERSION = YES;
				GCC_WARN_ABOUT_RETURN_TYPE = YES_ERROR;
				GCC_WARN_UNDECLARED_SELECTOR = YES;
				GCC_WARN_UNINITIALIZED_AUTOS = YES_AGGRESSIVE;
				GCC_WARN_UNUSED_FUNCTION = YES;
				GCC_WARN_UNUSED_VARIABLE = YES;
				IPHONEOS_DEPLOYMENT_TARGET = 15.2;
				MTL_ENABLE_DEBUG_INFO = INCLUDE_SOURCE;
				MTL_FAST_MATH = YES;
				ONLY_ACTIVE_ARCH = YES;
				SDKROOT = iphoneos;
				SWIFT_ACTIVE_COMPILATION_CONDITIONS = DEBUG;
				SWIFT_OPTIMIZATION_LEVEL = "-Onone";
			};
			name = Debug;
		};
		192C3A1427C7F70700B33E9A /* Release */ = {
			isa = XCBuildConfiguration;
			buildSettings = {
				ALWAYS_SEARCH_USER_PATHS = NO;
				CLANG_ANALYZER_NONNULL = YES;
				CLANG_ANALYZER_NUMBER_OBJECT_CONVERSION = YES_AGGRESSIVE;
				CLANG_CXX_LANGUAGE_STANDARD = "gnu++17";
				CLANG_CXX_LIBRARY = "libc++";
				CLANG_ENABLE_MODULES = YES;
				CLANG_ENABLE_OBJC_ARC = YES;
				CLANG_ENABLE_OBJC_WEAK = YES;
				CLANG_WARN_BLOCK_CAPTURE_AUTORELEASING = YES;
				CLANG_WARN_BOOL_CONVERSION = YES;
				CLANG_WARN_COMMA = YES;
				CLANG_WARN_CONSTANT_CONVERSION = YES;
				CLANG_WARN_DEPRECATED_OBJC_IMPLEMENTATIONS = YES;
				CLANG_WARN_DIRECT_OBJC_ISA_USAGE = YES_ERROR;
				CLANG_WARN_DOCUMENTATION_COMMENTS = YES;
				CLANG_WARN_EMPTY_BODY = YES;
				CLANG_WARN_ENUM_CONVERSION = YES;
				CLANG_WARN_INFINITE_RECURSION = YES;
				CLANG_WARN_INT_CONVERSION = YES;
				CLANG_WARN_NON_LITERAL_NULL_CONVERSION = YES;
				CLANG_WARN_OBJC_IMPLICIT_RETAIN_SELF = YES;
				CLANG_WARN_OBJC_LITERAL_CONVERSION = YES;
				CLANG_WARN_OBJC_ROOT_CLASS = YES_ERROR;
				CLANG_WARN_QUOTED_INCLUDE_IN_FRAMEWORK_HEADER = YES;
				CLANG_WARN_RANGE_LOOP_ANALYSIS = YES;
				CLANG_WARN_STRICT_PROTOTYPES = YES;
				CLANG_WARN_SUSPICIOUS_MOVE = YES;
				CLANG_WARN_UNGUARDED_AVAILABILITY = YES_AGGRESSIVE;
				CLANG_WARN_UNREACHABLE_CODE = YES;
				CLANG_WARN__DUPLICATE_METHOD_MATCH = YES;
				COPY_PHASE_STRIP = NO;
				DEBUG_INFORMATION_FORMAT = "dwarf-with-dsym";
				ENABLE_NS_ASSERTIONS = NO;
				ENABLE_STRICT_OBJC_MSGSEND = YES;
				GCC_C_LANGUAGE_STANDARD = gnu11;
				GCC_NO_COMMON_BLOCKS = YES;
				GCC_WARN_64_TO_32_BIT_CONVERSION = YES;
				GCC_WARN_ABOUT_RETURN_TYPE = YES_ERROR;
				GCC_WARN_UNDECLARED_SELECTOR = YES;
				GCC_WARN_UNINITIALIZED_AUTOS = YES_AGGRESSIVE;
				GCC_WARN_UNUSED_FUNCTION = YES;
				GCC_WARN_UNUSED_VARIABLE = YES;
				IPHONEOS_DEPLOYMENT_TARGET = 15.2;
				MTL_ENABLE_DEBUG_INFO = NO;
				MTL_FAST_MATH = YES;
				SDKROOT = iphoneos;
				SWIFT_COMPILATION_MODE = wholemodule;
				SWIFT_OPTIMIZATION_LEVEL = "-O";
				VALIDATE_PRODUCT = YES;
			};
			name = Release;
		};
		192C3A1627C7F70700B33E9A /* Debug */ = {
			isa = XCBuildConfiguration;
			buildSettings = {
				ASSETCATALOG_COMPILER_APPICON_NAME = AppIcon;
				ASSETCATALOG_COMPILER_GLOBAL_ACCENT_COLOR_NAME = AccentColor;
				CODE_SIGN_STYLE = Automatic;
				CURRENT_PROJECT_VERSION = 1;
				DEVELOPMENT_TEAM = 8G6U7HNLTQ;
				GENERATE_INFOPLIST_FILE = YES;
				INFOPLIST_FILE = AutoLayoutOdev/Info.plist;
				INFOPLIST_KEY_UIApplicationSupportsIndirectInputEvents = YES;
				INFOPLIST_KEY_UILaunchStoryboardName = LaunchScreen;
				INFOPLIST_KEY_UIMainStoryboardFile = Main;
				INFOPLIST_KEY_UISupportedInterfaceOrientations = UIInterfaceOrientationPortrait;
				INFOPLIST_KEY_UISupportedInterfaceOrientations_iPad = "UIInterfaceOrientationPortrait UIInterfaceOrientationPortraitUpsideDown UIInterfaceOrientationLandscapeLeft UIInterfaceOrientationLandscapeRight";
				INFOPLIST_KEY_UISupportedInterfaceOrientations_iPhone = UIInterfaceOrientationPortrait;
				LD_RUNPATH_SEARCH_PATHS = (
					"$(inherited)",
					"@executable_path/Frameworks",
				);
				MARKETING_VERSION = 1.0;
				PRODUCT_BUNDLE_IDENTIFIER = com.info.AutoLayoutOdev;
				PRODUCT_NAME = "$(TARGET_NAME)";
				SWIFT_EMIT_LOC_STRINGS = YES;
				SWIFT_VERSION = 5.0;
				TARGETED_DEVICE_FAMILY = 1;
			};
			name = Debug;
		};
		192C3A1727C7F70700B33E9A /* Release */ = {
			isa = XCBuildConfiguration;
			buildSettings = {
				ASSETCATALOG_COMPILER_APPICON_NAME = AppIcon;
				ASSETCATALOG_COMPILER_GLOBAL_ACCENT_COLOR_NAME = AccentColor;
				CODE_SIGN_STYLE = Automatic;
				CURRENT_PROJECT_VERSION = 1;
				DEVELOPMENT_TEAM = 8G6U7HNLTQ;
				GENERATE_INFOPLIST_FILE = YES;
				INFOPLIST_FILE = AutoLayoutOdev/Info.plist;
				INFOPLIST_KEY_UIApplicationSupportsIndirectInputEvents = YES;
				INFOPLIST_KEY_UILaunchStoryboardName = LaunchScreen;
				INFOPLIST_KEY_UIMainStoryboardFile = Main;
				INFOPLIST_KEY_UISupportedInterfaceOrientations = UIInterfaceOrientationPortrait;
				INFOPLIST_KEY_UISupportedInterfaceOrientations_iPad = "UIInterfaceOrientationPortrait UIInterfaceOrientationPortraitUpsideDown UIInterfaceOrientationLandscapeLeft UIInterfaceOrientationLandscapeRight";
				INFOPLIST_KEY_UISupportedInterfaceOrientations_iPhone = UIInterfaceOrientationPortrait;
				LD_RUNPATH_SEARCH_PATHS = (
					"$(inherited)",
					"@executable_path/Frameworks",
				);
				MARKETING_VERSION = 1.0;
				PRODUCT_BUNDLE_IDENTIFIER = com.info.AutoLayoutOdev;
				PRODUCT_NAME = "$(TARGET_NAME)";
				SWIFT_EMIT_LOC_STRINGS = YES;
				SWIFT_VERSION = 5.0;
				TARGETED_DEVICE_FAMILY = 1;
			};
			name = Release;
		};
		192C3A1927C7F70700B33E9A /* Debug */ = {
			isa = XCBuildConfiguration;
			buildSettings = {
				ALWAYS_EMBED_SWIFT_STANDARD_LIBRARIES = YES;
				BUNDLE_LOADER = "$(TEST_HOST)";
				CODE_SIGN_STYLE = Automatic;
				CURRENT_PROJECT_VERSION = 1;
				DEVELOPMENT_TEAM = 8G6U7HNLTQ;
				GENERATE_INFOPLIST_FILE = YES;
				IPHONEOS_DEPLOYMENT_TARGET = 15.2;
				MARKETING_VERSION = 1.0;
				PRODUCT_BUNDLE_IDENTIFIER = com.info.AutoLayoutOdevTests;
				PRODUCT_NAME = "$(TARGET_NAME)";
				SWIFT_EMIT_LOC_STRINGS = NO;
				SWIFT_VERSION = 5.0;
				TARGETED_DEVICE_FAMILY = "1,2";
				TEST_HOST = "$(BUILT_PRODUCTS_DIR)/AutoLayoutOdev.app/AutoLayoutOdev";
			};
			name = Debug;
		};
		192C3A1A27C7F70700B33E9A /* Release */ = {
			isa = XCBuildConfiguration;
			buildSettings = {
				ALWAYS_EMBED_SWIFT_STANDARD_LIBRARIES = YES;
				BUNDLE_LOADER = "$(TEST_HOST)";
				CODE_SIGN_STYLE = Automatic;
				CURRENT_PROJECT_VERSION = 1;
				DEVELOPMENT_TEAM = 8G6U7HNLTQ;
				GENERATE_INFOPLIST_FILE = YES;
				IPHONEOS_DEPLOYMENT_TARGET = 15.2;
				MARKETING_VERSION = 1.0;
				PRODUCT_BUNDLE_IDENTIFIER = com.info.AutoLayoutOdevTests;
				PRODUCT_NAME = "$(TARGET_NAME)";
				SWIFT_EMIT_LOC_STRINGS = NO;
				SWIFT_VERSION = 5.0;
				TARGETED_DEVICE_FAMILY = "1,2";
				TEST_HOST = "$(BUILT_PRODUCTS_DIR)/AutoLayoutOdev.app/AutoLayoutOdev";
			};
			name = Release;
		};
		192C3A1C27C7F70700B33E9A /* Debug */ = {
			isa = XCBuildConfiguration;
			buildSettings = {
				ALWAYS_EMBED_SWIFT_STANDARD_LIBRARIES = YES;
				CODE_SIGN_STYLE = Automatic;
				CURRENT_PROJECT_VERSION = 1;
				DEVELOPMENT_TEAM = 8G6U7HNLTQ;
				GENERATE_INFOPLIST_FILE = YES;
				MARKETING_VERSION = 1.0;
				PRODUCT_BUNDLE_IDENTIFIER = com.info.AutoLayoutOdevUITests;
				PRODUCT_NAME = "$(TARGET_NAME)";
				SWIFT_EMIT_LOC_STRINGS = NO;
				SWIFT_VERSION = 5.0;
				TARGETED_DEVICE_FAMILY = "1,2";
				TEST_TARGET_NAME = AutoLayoutOdev;
			};
			name = Debug;
		};
		192C3A1D27C7F70700B33E9A /* Release */ = {
			isa = XCBuildConfiguration;
			buildSettings = {
				ALWAYS_EMBED_SWIFT_STANDARD_LIBRARIES = YES;
				CODE_SIGN_STYLE = Automatic;
				CURRENT_PROJECT_VERSION = 1;
				DEVELOPMENT_TEAM = 8G6U7HNLTQ;
				GENERATE_INFOPLIST_FILE = YES;
				MARKETING_VERSION = 1.0;
				PRODUCT_BUNDLE_IDENTIFIER = com.info.AutoLayoutOdevUITests;
				PRODUCT_NAME = "$(TARGET_NAME)";
				SWIFT_EMIT_LOC_STRINGS = NO;
				SWIFT_VERSION = 5.0;
				TARGETED_DEVICE_FAMILY = "1,2";
				TEST_TARGET_NAME = AutoLayoutOdev;
			};
			name = Release;
		};
/* End XCBuildConfiguration section */

/* Begin XCConfigurationList section */
		192C39E627C7F70400B33E9A /* Build configuration list for PBXProject "AutoLayoutOdev" */ = {
			isa = XCConfigurationList;
			buildConfigurations = (
				192C3A1327C7F70700B33E9A /* Debug */,
				192C3A1427C7F70700B33E9A /* Release */,
			);
			defaultConfigurationIsVisible = 0;
			defaultConfigurationName = Release;
		};
		192C3A1527C7F70700B33E9A /* Build configuration list for PBXNativeTarget "AutoLayoutOdev" */ = {
			isa = XCConfigurationList;
			buildConfigurations = (
				192C3A1627C7F70700B33E9A /* Debug */,
				192C3A1727C7F70700B33E9A /* Release */,
			);
			defaultConfigurationIsVisible = 0;
			defaultConfigurationName = Release;
		};
		192C3A1827C7F70700B33E9A /* Build configuration list for PBXNativeTarget "AutoLayoutOdevTests" */ = {
			isa = XCConfigurationList;
			buildConfigurations = (
				192C3A1927C7F70700B33E9A /* Debug */,
				192C3A1A27C7F70700B33E9A /* Release */,
			);
			defaultConfigurationIsVisible = 0;
			defaultConfigurationName = Release;
		};
		192C3A1B27C7F70700B33E9A /* Build configuration list for PBXNativeTarget "AutoLayoutOdevUITests" */ = {
			isa = XCConfigurationList;
			buildConfigurations = (
				192C3A1C27C7F70700B33E9A /* Debug */,
				192C3A1D27C7F70700B33E9A /* Release */,
			);
			defaultConfigurationIsVisible = 0;
			defaultConfigurationName = Release;
		};
/* End XCConfigurationList section */
	};
	rootObject = 192C39E327C7F70400B33E9A /* Project object */;
}
